{
  "nodes": {
    "flake-utils": {
      "inputs": {
        "systems": "systems"
      },
      "locked": {
        "lastModified": 1731533236,
        "narHash": "sha256-l0KFg5HjrsfsO/JpG+r7fRrqm12kzFHyUHqHCVpMMbI=",
        "owner": "numtide",
        "repo": "flake-utils",
        "rev": "11707dc2f618dd54ca8739b309ec4fc024de578b",
        "type": "github"
      },
      "original": {
        "owner": "numtide",
        "repo": "flake-utils",
        "type": "github"
      }
    },
    "make4db-api": {
      "inputs": {
        "flake-utils": [
          "flake-utils"
        ],
        "nix-utils": [
          "nix-utils"
        ],
        "nixpkgs": [
          "nixpkgs"
        ]
      },
      "locked": {
        "lastModified": 1732719963,
        "narHash": "sha256-h6UGjzfRa1ovgZTlsYkQCXZKk9DzlKEJ+NiaX3pNwPo=",
        "owner": "padhia",
        "repo": "make4db-api",
        "rev": "4c0e09af95019a26deb1e34698eb67a206570745",
        "type": "github"
      },
      "original": {
        "owner": "padhia",
        "repo": "make4db-api",
        "type": "github"
      }
    },
    "make4db-src": {
      "flake": false,
      "locked": {
        "lastModified": 1733237187,
        "narHash": "sha256-O2/y3WJxXV1VHMcyxmnf+KchRpR+O2su00T9VzFjsCY=",
        "owner": "padhia",
        "repo": "make4db",
        "rev": "44ca03e3a39ed4f3b081f23cffe5604644ac9c6b",
        "type": "github"
      },
      "original": {
        "owner": "padhia",
        "repo": "make4db",
        "type": "github"
      }
    },
    "nix-utils": {
      "inputs": {
        "nixpkgs": [
          "nixpkgs"
        ]
      },
      "locked": {
        "lastModified": 1732717690,
        "narHash": "sha256-KfGd/BOnkcJ9RrHp56cQqY+KERx/ccdTH4zz4s6ytVQ=",
        "owner": "padhia",
        "repo": "nix-utils",
        "rev": "5aea56cd7ec9fab4fd676af0ef52534138032149",
        "type": "github"
      },
      "original": {
        "owner": "padhia",
        "repo": "nix-utils",
        "type": "github"
      }
    },
    "nixpkgs": {
      "locked": {
        "lastModified": 1733015953,
        "narHash": "sha256-t4BBVpwG9B4hLgc6GUBuj3cjU7lP/PJfpTHuSqE+crk=",
        "owner": "nixos",
        "repo": "nixpkgs",
        "rev": "ac35b104800bff9028425fec3b6e8a41de2bbfff",
        "type": "github"
      },
      "original": {
        "owner": "nixos",
        "ref": "nixos-unstable",
        "repo": "nixpkgs",
        "type": "github"
      }
    },
    "root": {
      "inputs": {
        "flake-utils": "flake-utils",
        "make4db-api": "make4db-api",
        "make4db-src": "make4db-src",
        "nix-utils": "nix-utils",
        "nixpkgs": "nixpkgs",
        "sfconn": "sfconn",
        "snowflake": "snowflake",
        "yappt": "yappt"
      }
    },
    "sfconn": {
      "inputs": {
        "flake-utils": [
          "flake-utils"
        ],
        "nix-utils": [
          "nix-utils"
        ],
        "nixpkgs": [
          "nixpkgs"
        ],
        "snowflake": [
          "snowflake"
        ]
      },
      "locked": {
        "lastModified": 1732720310,
        "narHash": "sha256-0foOy4VUCdqz/FedaEcAYrcCdpQqqgoXWDkN+hsiM8Y=",
        "owner": "padhia",
        "repo": "sfconn",
        "rev": "88566d6750466c39f8b25f23bd6946749fbfdb4a",
        "type": "github"
      },
      "original": {
        "owner": "padhia",
        "repo": "sfconn",
        "type": "github"
      }
    },
    "snowflake": {
      "inputs": {
        "flake-utils": [
          "flake-utils"
        ],
        "nixpkgs": [
          "nixpkgs"
        ]
      },
      "locked": {
        "lastModified": 1732561769,
        "narHash": "sha256-Ht1rAyzax3hjtjh6gEmm0CVb+M+yFwK1piv2udBbuTA=",
        "owner": "padhia",
        "repo": "snowflake",
        "rev": "01cddd0a1de36dda5d6f41de56874cb77ed0258e",
        "type": "github"
      },
      "original": {
        "owner": "padhia",
        "repo": "snowflake",
        "type": "github"
      }
    },
    "systems": {
      "locked": {
        "lastModified": 1681028828,
        "narHash": "sha256-Vy1rq5AaRuLzOxct8nz4T6wlgyUR7zLU309k9mBC768=",
        "owner": "nix-systems",
        "repo": "default",
        "rev": "da67096a3b9bf56a91d16901293e51ba5b49a27e",
        "type": "github"
      },
      "original": {
        "owner": "nix-systems",
        "repo": "default",
        "type": "github"
      }
    },
    "yappt": {
      "inputs": {
        "flake-utils": [
          "flake-utils"
        ],
        "nix-utils": [
          "nix-utils"
        ],
        "nixpkgs": [
          "nixpkgs"
        ]
      },
      "locked": {
        "lastModified": 1732718434,
        "narHash": "sha256-bW13MIdlz7M3PKJNlQgB2/eCVoOBBO+jPJbf6jPAgVg=",
        "owner": "padhia",
        "repo": "yappt",
        "rev": "0f1c52ed75b4c3bca0fad6e8dc9665bd9e99159c",
        "type": "github"
      },
      "original": {
        "owner": "padhia",
        "repo": "yappt",
        "type": "github"
      }
    }
  },
  "root": "root",
  "version": 7
}
